
Microsoft Visual Studio Solution File, Format Version 12.00
# Visual Studio Version 16
VisualStudioVersion = 16.0.29102.190
MinimumVisualStudioVersion = 10.0.40219.1
Project("{FAE04EC0-301F-11D3-BF4B-00C04F79EFBC}") = "ClassLibrary_Recruitment", "ClassLibrary_Recruitment\ClassLibrary_Recruitment.csproj", "{997ED610-8C13-46BB-8682-65B3CE3F95BF}"
EndProject
Global
	GlobalSection(SolutionConfigurationPlatforms) = preSolution
		Debug|Any CPU = Debug|Any CPU
		Release|Any CPU = Release|Any CPU
	EndGlobalSection
	GlobalSection(ProjectConfigurationPlatforms) = postSolution
		{997ED610-8C13-46BB-8682-65B3CE3F95BF}.Debug|Any CPU.ActiveCfg = Debug|Any CPU
		{997ED610-8C13-46BB-8682-65B3CE3F95BF}.Debug|Any CPU.Build.0 = Debug|Any CPU
		{997ED610-8C13-46BB-8682-65B3CE3F95BF}.Release|Any CPU.ActiveCfg = Release|Any CPU
		{997ED610-8C13-46BB-8682-65B3CE3F95BF}.Release|Any CPU.Build.0 = Release|Any CPU
	EndGlobalSection
	GlobalSection(SolutionProperties) = preSolution
		HideSolutionNode = FALSE
	EndGlobalSection
	GlobalSection(ExtensibilityGlobals) = postSolution
		SolutionGuid = {C53E8F3B-C946-48B7-9016-D4C61BCA6FF0}
	EndGlobalSection
EndGlobal
